// !$*UTF8*$!
{
	archiveVersion = 1;
	classes = {
	};
	objectVersion = 46;
	objects = {

/* Begin PBXBuildFile section */
		FD6AB25F1CDC875000AFBC56 /* AppDelegate.swift in Sources */ = {isa = PBXBuildFile; fileRef = FD6AB25E1CDC875000AFBC56 /* AppDelegate.swift */; };
		FD6AB2611CDC875000AFBC56 /* ViewController.swift in Sources */ = {isa = PBXBuildFile; fileRef = FD6AB2601CDC875000AFBC56 /* ViewController.swift */; };
		FD6AB2641CDC875000AFBC56 /* Main.storyboard in Resources */ = {isa = PBXBuildFile; fileRef = FD6AB2621CDC875000AFBC56 /* Main.storyboard */; };
		FD6AB2661CDC875000AFBC56 /* Assets.xcassets in Resources */ = {isa = PBXBuildFile; fileRef = FD6AB2651CDC875000AFBC56 /* Assets.xcassets */; };
		FD6AB2691CDC875000AFBC56 /* LaunchScreen.storyboard in Resources */ = {isa = PBXBuildFile; fileRef = FD6AB2671CDC875000AFBC56 /* LaunchScreen.storyboard */; };
		FD6AB2741CDC875000AFBC56 /* ScrollViewTest1Tests.swift in Sources */ = {isa = PBXBuildFile; fileRef = FD6AB2731CDC875000AFBC56 /* ScrollViewTest1Tests.swift */; };
		FD6AB27F1CDC875000AFBC56 /* ScrollViewTest1UITests.swift in Sources */ = {isa = PBXBuildFile; fileRef = FD6AB27E1CDC875000AFBC56 /* ScrollViewTest1UITests.swift */; };
/* End PBXBuildFile section */

/* Begin PBXContainerItemProxy section */
		FD6AB2701CDC875000AFBC56 /* PBXContainerItemProxy */ = {
			isa = PBXContainerItemProxy;
			containerPortal = FD6AB2531CDC875000AFBC56 /* Project object */;
			proxyType = 1;
			remoteGlobalIDString = FD6AB25A1CDC875000AFBC56;
			remoteInfo = ScrollViewTest1;
		};
		FD6AB27B1CDC875000AFBC56 /* PBXContainerItemProxy */ = {
			isa = PBXContainerItemProxy;
			containerPortal = FD6AB2531CDC875000AFBC56 /* Project object */;
			proxyType = 1;
			remoteGlobalIDString = FD6AB25A1CDC875000AFBC56;
			remoteInfo = ScrollViewTest1;
		};
/* End PBXContainerItemProxy section */

/* Begin PBXFileReference section */
		FD6AB25B1CDC875000AFBC56 /* ScrollViewTest1.app */ = {isa = PBXFileReference; explicitFileType = wrapper.application; includeInIndex = 0; path = ScrollViewTest1.app; sourceTree = BUILT_PRODUCTS_DIR; };
		FD6AB25E1CDC875000AFBC56 /* AppDelegate.swift */ = {isa = PBXFileReference; lastKnownFileType = sourcecode.swift; path = AppDelegate.swift; sourceTree = "<group>"; };
		FD6AB2601CDC875000AFBC56 /* ViewController.swift */ = {isa = PBXFileReference; lastKnownFileType = sourcecode.swift; path = ViewController.swift; sourceTree = "<group>"; };
		FD6AB2631CDC875000AFBC56 /* Base */ = {isa = PBXFileReference; lastKnownFileType = file.storyboard; name = Base; path = Base.lproj/Main.storyboard; sourceTree = "<group>"; };
		FD6AB2651CDC875000AFBC56 /* Assets.xcassets */ = {isa = PBXFileReference; lastKnownFileType = folder.assetcatalog; path = Assets.xcassets; sourceTree = "<group>"; };
		FD6AB2681CDC875000AFBC56 /* Base */ = {isa = PBXFileReference; lastKnownFileType = file.storyboard; name = Base; path = Base.lproj/LaunchScreen.storyboard; sourceTree = "<group>"; };
		FD6AB26A1CDC875000AFBC56 /* Info.plist */ = {isa = PBXFileReference; lastKnownFileType = text.plist.xml; path = Info.plist; sourceTree = "<group>"; };
		FD6AB26F1CDC875000AFBC56 /* ScrollViewTest1Tests.xctest */ = {isa = PBXFileReference; explicitFileType = wrapper.cfbundle; includeInIndex = 0; path = ScrollViewTest1Tests.xctest; sourceTree = BUILT_PRODUCTS_DIR; };
		FD6AB2731CDC875000AFBC56 /* ScrollViewTest1Tests.swift */ = {isa = PBXFileReference; lastKnownFileType = sourcecode.swift; path = ScrollViewTest1Tests.swift; sourceTree = "<group>"; };
		FD6AB2751CDC875000AFBC56 /* Info.plist */ = {isa = PBXFileReference; lastKnownFileType = text.plist.xml; path = Info.plist; sourceTree = "<group>"; };
		FD6AB27A1CDC875000AFBC56 /* ScrollViewTest1UITests.xctest */ = {isa = PBXFileReference; explicitFileType = wrapper.cfbundle; includeInIndex = 0; path = ScrollViewTest1UITests.xctest; sourceTree = BUILT_PRODUCTS_DIR; };
		FD6AB27E1CDC875000AFBC56 /* ScrollViewTest1UITests.swift */ = {isa = PBXFileReference; lastKnownFileType = sourcecode.swift; path = ScrollViewTest1UITests.swift; sourceTree = "<group>"; };
		FD6AB2801CDC875000AFBC56 /* Info.plist */ = {isa = PBXFileReference; lastKnownFileType = text.plist.xml; path = Info.plist; sourceTree = "<group>"; };
/* End PBXFileReference section */

/* Begin PBXFrameworksBuildPhase section */
		FD6AB2581CDC875000AFBC56 /* Frameworks */ = {
			isa = PBXFrameworksBuildPhase;
			buildActionMask = 2147483647;
			files = (
			);
			runOnlyForDeploymentPostprocessing = 0;
		};
		FD6AB26C1CDC875000AFBC56 /* Frameworks */ = {
			isa = PBXFrameworksBuildPhase;
			buildActionMask = 2147483647;
			files = (
			);
			runOnlyForDeploymentPostprocessing = 0;
		};
		FD6AB2771CDC875000AFBC56 /* Frameworks */ = {
			isa = PBXFrameworksBuildPhase;
			buildActionMask = 2147483647;
			files = (
			);
			runOnlyForDeploymentPostprocessing = 0;
		};
/* End PBXFrameworksBuildPhase section */

/* Begin PBXGroup section */
		FD6AB2521CDC875000AFBC56 = {
			isa = PBXGroup;
			children = (
				FD6AB25D1CDC875000AFBC56 /* ScrollViewTest1 */,
				FD6AB2721CDC875000AFBC56 /* ScrollViewTest1Tests */,
				FD6AB27D1CDC875000AFBC56 /* ScrollViewTest1UITests */,
				FD6AB25C1CDC875000AFBC56 /* Products */,
			);
			sourceTree = "<group>";
		};
		FD6AB25C1CDC875000AFBC56 /* Products */ = {
			isa = PBXGroup;
			children = (
				FD6AB25B1CDC875000AFBC56 /* ScrollViewTest1.app */,
				FD6AB26F1CDC875000AFBC56 /* ScrollViewTest1Tests.xctest */,
				FD6AB27A1CDC875000AFBC56 /* ScrollViewTest1UITests.xctest */,
			);
			name = Products;
			sourceTree = "<group>";
		};
		FD6AB25D1CDC875000AFBC56 /* ScrollViewTest1 */ = {
			isa = PBXGroup;
			children = (
				FD6AB25E1CDC875000AFBC56 /* AppDelegate.swift */,
				FD6AB2601CDC875000AFBC56 /* ViewController.swift */,
				FD6AB2621CDC875000AFBC56 /* Main.storyboard */,
				FD6AB2651CDC875000AFBC56 /* Assets.xcassets */,
				FD6AB2671CDC875000AFBC56 /* LaunchScreen.storyboard */,
				FD6AB26A1CDC875000AFBC56 /* Info.plist */,
			);
			path = ScrollViewTest1;
			sourceTree = "<group>";
		};
		FD6AB2721CDC875000AFBC56 /* ScrollViewTest1Tests */ = {
			isa = PBXGroup;
			children = (
				FD6AB2731CDC875000AFBC56 /* ScrollViewTest1Tests.swift */,
				FD6AB2751CDC875000AFBC56 /* Info.plist */,
			);
			path = ScrollViewTest1Tests;
			sourceTree = "<group>";
		};
		FD6AB27D1CDC875000AFBC56 /* ScrollViewTest1UITests */ = {
			isa = PBXGroup;
			children = (
				FD6AB27E1CDC875000AFBC56 /* ScrollViewTest1UITests.swift */,
				FD6AB2801CDC875000AFBC56 /* Info.plist */,
			);
			path = ScrollViewTest1UITests;
			sourceTree = "<group>";
		};
/* End PBXGroup section */

/* Begin PBXNativeTarget section */
		FD6AB25A1CDC875000AFBC56 /* ScrollViewTest1 */ = {
			isa = PBXNativeTarget;
			buildConfigurationList = FD6AB2831CDC875000AFBC56 /* Build configuration list for PBXNativeTarget "ScrollViewTest1" */;
			buildPhases = (
				FD6AB2571CDC875000AFBC56 /* Sources */,
				FD6AB2581CDC875000AFBC56 /* Frameworks */,
				FD6AB2591CDC875000AFBC56 /* Resources */,
			);
			buildRules = (
			);
			dependencies = (
			);
			name = ScrollViewTest1;
			productName = ScrollViewTest1;
			productReference = FD6AB25B1CDC875000AFBC56 /* ScrollViewTest1.app */;
			productType = "com.apple.product-type.application";
		};
		FD6AB26E1CDC875000AFBC56 /* ScrollViewTest1Tests */ = {
			isa = PBXNativeTarget;
			buildConfigurationList = FD6AB2861CDC875000AFBC56 /* Build configuration list for PBXNativeTarget "ScrollViewTest1Tests" */;
			buildPhases = (
				FD6AB26B1CDC875000AFBC56 /* Sources */,
				FD6AB26C1CDC875000AFBC56 /* Frameworks */,
				FD6AB26D1CDC875000AFBC56 /* Resources */,
			);
			buildRules = (
			);
			dependencies = (
				FD6AB2711CDC875000AFBC56 /* PBXTargetDependency */,
			);
			name = ScrollViewTest1Tests;
			productName = ScrollViewTest1Tests;
			productReference = FD6AB26F1CDC875000AFBC56 /* ScrollViewTest1Tests.xctest */;
			productType = "com.apple.product-type.bundle.unit-test";
		};
		FD6AB2791CDC875000AFBC56 /* ScrollViewTest1UITests */ = {
			isa = PBXNativeTarget;
			buildConfigurationList = FD6AB2891CDC875000AFBC56 /* Build configuration list for PBXNativeTarget "ScrollViewTest1UITests" */;
			buildPhases = (
				FD6AB2761CDC875000AFBC56 /* Sources */,
				FD6AB2771CDC875000AFBC56 /* Frameworks */,
				FD6AB2781CDC875000AFBC56 /* Resources */,
			);
			buildRules = (
			);
			dependencies = (
				FD6AB27C1CDC875000AFBC56 /* PBXTargetDependency */,
			);
			name = ScrollViewTest1UITests;
			productName = ScrollViewTest1UITests;
			productReference = FD6AB27A1CDC875000AFBC56 /* ScrollViewTest1UITests.xctest */;
			productType = "com.apple.product-type.bundle.ui-testing";
		};
/* End PBXNativeTarget section */

/* Begin PBXProject section */
		FD6AB2531CDC875000AFBC56 /* Project object */ = {
			isa = PBXProject;
			attributes = {
				LastSwiftUpdateCheck = 0730;
				LastUpgradeCheck = 0730;
				ORGANIZATIONNAME = ginkouno;
				TargetAttributes = {
					FD6AB25A1CDC875000AFBC56 = {
						CreatedOnToolsVersion = 7.3;
						DevelopmentTeam = DND5TLK2FC;
					};
					FD6AB26E1CDC875000AFBC56 = {
						CreatedOnToolsVersion = 7.3;
						DevelopmentTeam = DND5TLK2FC;
						TestTargetID = FD6AB25A1CDC875000AFBC56;
					};
					FD6AB2791CDC875000AFBC56 = {
						CreatedOnToolsVersion = 7.3;
						DevelopmentTeam = DND5TLK2FC;
						TestTargetID = FD6AB25A1CDC875000AFBC56;
					};
				};
			};
			buildConfigurationList = FD6AB2561CDC875000AFBC56 /* Build configuration list for PBXProject "ScrollViewTest1" */;
			compatibilityVersion = "Xcode 3.2";
			developmentRegion = English;
			hasScannedForEncodings = 0;
			knownRegions = (
				en,
				Base,
			);
			mainGroup = FD6AB2521CDC875000AFBC56;
			productRefGroup = FD6AB25C1CDC875000AFBC56 /* Products */;
			projectDirPath = "";
			projectRoot = "";
			targets = (
				FD6AB25A1CDC875000AFBC56 /* ScrollViewTest1 */,
				FD6AB26E1CDC875000AFBC56 /* ScrollViewTest1Tests */,
				FD6AB2791CDC875000AFBC56 /* ScrollViewTest1UITests */,
			);
		};
/* End PBXProject section */

/* Begin PBXResourcesBuildPhase section */
		FD6AB2591CDC875000AFBC56 /* Resources */ = {
			isa = PBXResourcesBuildPhase;
			buildActionMask = 2147483647;
			files = (
				FD6AB2691CDC875000AFBC56 /* LaunchScreen.storyboard in Resources */,
				FD6AB2661CDC875000AFBC56 /* Assets.xcassets in Resources */,
				FD6AB2641CDC875000AFBC56 /* Main.storyboard in Resources */,
			);
			runOnlyForDeploymentPostprocessing = 0;
		};
		FD6AB26D1CDC875000AFBC56 /* Resources */ = {
			isa = PBXResourcesBuildPhase;
			buildActionMask = 2147483647;
			files = (
			);
			runOnlyForDeploymentPostprocessing = 0;
		};
		FD6AB2781CDC875000AFBC56 /* Resources */ = {
			isa = PBXResourcesBuildPhase;
			buildActionMask = 2147483647;
			files = (
			);
			runOnlyForDeploymentPostprocessing = 0;
		};
/* End PBXResourcesBuildPhase section */

/* Begin PBXSourcesBuildPhase section */
		FD6AB2571CDC875000AFBC56 /* Sources */ = {
			isa = PBXSourcesBuildPhase;
			buildActionMask = 2147483647;
			files = (
				FD6AB2611CDC875000AFBC56 /* ViewController.swift in Sources */,
				FD6AB25F1CDC875000AFBC56 /* AppDelegate.swift in Sources */,
			);
			runOnlyForDeploymentPostprocessing = 0;
		};
		FD6AB26B1CDC875000AFBC56 /* Sources */ = {
			isa = PBXSourcesBuildPhase;
			buildActionMask = 2147483647;
			files = (
				FD6AB2741CDC875000AFBC56 /* ScrollViewTest1Tests.swift in Sources */,
			);
			runOnlyForDeploymentPostprocessing = 0;
		};
		FD6AB2761CDC875000AFBC56 /* Sources */ = {
			isa = PBXSourcesBuildPhase;
			buildActionMask = 2147483647;
			files = (
				FD6AB27F1CDC875000AFBC56 /* ScrollViewTest1UITests.swift in Sources */,
			);
			runOnlyForDeploymentPostprocessing = 0;
		};
/* End PBXSourcesBuildPhase section */

/* Begin PBXTargetDependency section */
		FD6AB2711CDC875000AFBC56 /* PBXTargetDependency */ = {
			isa = PBXTargetDependency;
			target = FD6AB25A1CDC875000AFBC56 /* ScrollViewTest1 */;
			targetProxy = FD6AB2701CDC875000AFBC56 /* PBXContainerItemProxy */;
		};
		FD6AB27C1CDC875000AFBC56 /* PBXTargetDependency */ = {
			isa = PBXTargetDependency;
			target = FD6AB25A1CDC875000AFBC56 /* ScrollViewTest1 */;
			targetProxy = FD6AB27B1CDC875000AFBC56 /* PBXContainerItemProxy */;
		};
/* End PBXTargetDependency section */

/* Begin PBXVariantGroup section */
		FD6AB2621CDC875000AFBC56 /* Main.storyboard */ = {
			isa = PBXVariantGroup;
			children = (
				FD6AB2631CDC875000AFBC56 /* Base */,
			);
			name = Main.storyboard;
			sourceTree = "<group>";
		};
		FD6AB2671CDC875000AFBC56 /* LaunchScreen.storyboard */ = {
			isa = PBXVariantGroup;
			children = (
				FD6AB2681CDC875000AFBC56 /* Base */,
			);
			name = LaunchScreen.storyboard;
			sourceTree = "<group>";
		};
/* End PBXVariantGroup section */

/* Begin XCBuildConfiguration section */
		FD6AB2811CDC875000AFBC56 /* Debug */ = {
			isa = XCBuildConfiguration;
			buildSettings = {
				ALWAYS_SEARCH_USER_PATHS = NO;
				CLANG_ANALYZER_NONNULL = YES;
				CLANG_CXX_LANGUAGE_STANDARD = "gnu++0x";
				CLANG_CXX_LIBRARY = "libc++";
				CLANG_ENABLE_MODULES = YES;
				CLANG_ENABLE_OBJC_ARC = YES;
				CLANG_WARN_BOOL_CONVERSION = YES;
				CLANG_WARN_CONSTANT_CONVERSION = YES;
				CLANG_WARN_DIRECT_OBJC_ISA_USAGE = YES_ERROR;
				CLANG_WARN_EMPTY_BODY = YES;
				CLANG_WARN_ENUM_CONVERSION = YES;
				CLANG_WARN_INT_CONVERSION = YES;
				CLANG_WARN_OBJC_ROOT_CLASS = YES_ERROR;
				CLANG_WARN_UNREACHABLE_CODE = YES;
				CLANG_WARN__DUPLICATE_METHOD_MATCH = YES;
				"CODE_SIGN_IDENTITY[sdk=iphoneos*]" = "iPhone Developer";
				COPY_PHASE_STRIP = NO;
				DEBUG_INFORMATION_FORMAT = dwarf;
				ENABLE_STRICT_OBJC_MSGSEND = YES;
				ENABLE_TESTABILITY = YES;
				GCC_C_LANGUAGE_STANDARD = gnu99;
				GCC_DYNAMIC_NO_PIC = NO;
				GCC_NO_COMMON_BLOCKS = YES;
				GCC_OPTIMIZATION_LEVEL = 0;
				GCC_PREPROCESSOR_DEFINITIONS = (
					"DEBUG=1",
					"$(inherited)",
				);
				GCC_WARN_64_TO_32_BIT_CONVERSION = YES;
				GCC_WARN_ABOUT_RETURN_TYPE = YES_ERROR;
				GCC_WARN_UNDECLARED_SELECTOR = YES;
				GCC_WARN_UNINITIALIZED_AUTOS = YES_AGGRESSIVE;
				GCC_WARN_UNUSED_FUNCTION = YES;
				GCC_WARN_UNUSED_VARIABLE = YES;
				IPHONEOS_DEPLOYMENT_TARGET = 9.3;
				MTL_ENABLE_DEBUG_INFO = YES;
				ONLY_ACTIVE_ARCH = YES;
				SDKROOT = iphoneos;
				SWIFT_OPTIMIZATION_LEVEL = "-Onone";
			};
			name = Debug;
		};
		FD6AB2821CDC875000AFBC56 /* Release */ = {
			isa = XCBuildConfiguration;
			buildSettings = {
				ALWAYS_SEARCH_USER_PATHS = NO;
				CLANG_ANALYZER_NONNULL = YES;
				CLANG_CXX_LANGUAGE_STANDARD = "gnu++0x";
				CLANG_CXX_LIBRARY = "libc++";
				CLANG_ENABLE_MODULES = YES;
				CLANG_ENABLE_OBJC_ARC = YES;
				CLANG_WARN_BOOL_CONVERSION = YES;
				CLANG_WARN_CONSTANT_CONVERSION = YES;
				CLANG_WARN_DIRECT_OBJC_ISA_USAGE = YES_ERROR;
				CLANG_WARN_EMPTY_BODY = YES;
				CLANG_WARN_ENUM_CONVERSION = YES;
				CLANG_WARN_INT_CONVERSION = YES;
				CLANG_WARN_OBJC_ROOT_CLASS = YES_ERROR;
				CLANG_WARN_UNREACHABLE_CODE = YES;
				CLANG_WARN__DUPLICATE_METHOD_MATCH = YES;
				"CODE_SIGN_IDENTITY[sdk=iphoneos*]" = "iPhone Developer";
				COPY_PHASE_STRIP = NO;
				DEBUG_INFORMATION_FORMAT = "dwarf-with-dsym";
				ENABLE_NS_ASSERTIONS = NO;
				ENABLE_STRICT_OBJC_MSGSEND = YES;
				GCC_C_LANGUAGE_STANDARD = gnu99;
				GCC_NO_COMMON_BLOCKS = YES;
				GCC_WARN_64_TO_32_BIT_CONVERSION = YES;
				GCC_WARN_ABOUT_RETURN_TYPE = YES_ERROR;
				GCC_WARN_UNDECLARED_SELECTOR = YES;
				GCC_WARN_UNINITIALIZED_AUTOS = YES_AGGRESSIVE;
				GCC_WARN_UNUSED_FUNCTION = YES;
				GCC_WARN_UNUSED_VARIABLE = YES;
				IPHONEOS_DEPLOYMENT_TARGET = 9.3;
				MTL_ENABLE_DEBUG_INFO = NO;
				SDKROOT = iphoneos;
				VALIDATE_PRODUCT = YES;
			};
			name = Release;
		};
		FD6AB2841CDC875000AFBC56 /* Debug */ = {
			isa = XCBuildConfiguration;
			buildSettings = {
				ASSETCATALOG_COMPILER_APPICON_NAME = AppIcon;
				INFOPLIST_FILE = ScrollViewTest1/Info.plist;
				LD_RUNPATH_SEARCH_PATHS = "$(inherited) @executable_path/Frameworks";
				PRODUCT_BUNDLE_IDENTIFIER = com.ginkouno.ScrollViewTest1;
				PRODUCT_NAME = "$(TARGET_NAME)";
			};
			name = Debug;
		};
		FD6AB2851CDC875000AFBC56 /* Release */ = {
			isa = XCBuildConfiguration;
			buildSettings = {
				ASSETCATALOG_COMPILER_APPICON_NAME = AppIcon;
				INFOPLIST_FILE = ScrollViewTest1/Info.plist;
				LD_RUNPATH_SEARCH_PATHS = "$(inherited) @executable_path/Frameworks";
				PRODUCT_BUNDLE_IDENTIFIER = com.ginkouno.ScrollViewTest1;
				PRODUCT_NAME = "$(TARGET_NAME)";
			};
			name = Release;
		};
		FD6AB2871CDC875000AFBC56 /* Debug */ = {
			isa = XCBuildConfiguration;
			buildSettings = {
				BUNDLE_LOADER = "$(TEST_HOST)";
				INFOPLIST_FILE = ScrollViewTest1Tests/Info.plist;
				LD_RUNPATH_SEARCH_PATHS = "$(inherited) @executable_path/Frameworks @loader_path/Frameworks";
				PRODUCT_BUNDLE_IDENTIFIER = com.ginkouno.ScrollViewTest1Tests;
				PRODUCT_NAME = "$(TARGET_NAME)";
				TEST_HOST = "$(BUILT_PRODUCTS_DIR)/ScrollViewTest1.app/ScrollViewTest1";
			};
			name = Debug;
		};
		FD6AB2881CDC875000AFBC56 /* Release */ = {
			isa = XCBuildConfiguration;
			buildSettings = {
				BUNDLE_LOADER = "$(TEST_HOST)";
				INFOPLIST_FILE = ScrollViewTest1Tests/Info.plist;
				LD_RUNPATH_SEARCH_PATHS = "$(inherited) @executable_path/Frameworks @loader_path/Frameworks";
				PRODUCT_BUNDLE_IDENTIFIER = com.ginkouno.ScrollViewTest1Tests;
				PRODUCT_NAME = "$(TARGET_NAME)";
				TEST_HOST = "$(BUILT_PRODUCTS_DIR)/ScrollViewTest1.app/ScrollViewTest1";
			};
			name = Release;
		};
		FD6AB28A1CDC875000AFBC56 /* Debug */ = {
			isa = XCBuildConfiguration;
			buildSettings = {
				INFOPLIST_FILE = ScrollViewTest1UITests/Info.plist;
				LD_RUNPATH_SEARCH_PATHS = "$(inherited) @executable_path/Frameworks @loader_path/Frameworks";
				PRODUCT_BUNDLE_IDENTIFIER = com.ginkouno.ScrollViewTest1UITests;
				PRODUCT_NAME = "$(TARGET_NAME)";
				TEST_TARGET_NAME = ScrollViewTest1;
			};
			name = Debug;
		};
		FD6AB28B1CDC875000AFBC56 /* Release */ = {
			isa = XCBuildConfiguration;
			buildSettings = {
				INFOPLIST_FILE = ScrollViewTest1UITests/Info.plist;
				LD_RUNPATH_SEARCH_PATHS = "$(inherited) @executable_path/Frameworks @loader_path/Frameworks";
				PRODUCT_BUNDLE_IDENTIFIER = com.ginkouno.ScrollViewTest1UITests;
				PRODUCT_NAME = "$(TARGET_NAME)";
				TEST_TARGET_NAME = ScrollViewTest1;
			};
			name = Release;
		};
/* End XCBuildConfiguration section */

/* Begin XCConfigurationList section */
		FD6AB2561CDC875000AFBC56 /* Build configuration list for PBXProject "ScrollViewTest1" */ = {
			isa = XCConfigurationList;
			buildConfigurations = (
				FD6AB2811CDC875000AFBC56 /* Debug */,
				FD6AB2821CDC875000AFBC56 /* Release */,
			);
			defaultConfigurationIsVisible = 0;
			defaultConfigurationName = Release;
		};
		FD6AB2831CDC875000AFBC56 /* Build configuration list for PBXNativeTarget "ScrollViewTest1" */ = {
			isa = XCConfigurationList;
			buildConfigurations = (
				FD6AB2841CDC875000AFBC56 /* Debug */,
				FD6AB2851CDC875000AFBC56 /* Release */,
			);
			defaultConfigurationIsVisible = 0;
		};
		FD6AB2861CDC875000AFBC56 /* Build configuration list for PBXNativeTarget "ScrollViewTest1Tests" */ = {
			isa = XCConfigurationList;
			buildConfigurations = (
				FD6AB2871CDC875000AFBC56 /* Debug */,
				FD6AB2881CDC875000AFBC56 /* Release */,
			);
			defaultConfigurationIsVisible = 0;
		};
		FD6AB2891CDC875000AFBC56 /* Build configuration list for PBXNativeTarget "ScrollViewTest1UITests" */ = {
			isa = XCConfigurationList;
			buildConfigurations = (
				FD6AB28A1CDC875000AFBC56 /* Debug */,
				FD6AB28B1CDC875000AFBC56 /* Release */,
			);
			defaultConfigurationIsVisible = 0;
		};
/* End XCConfigurationList section */
	};
	rootObject = FD6AB2531CDC875000AFBC56 /* Project object */;
}
